
Microsoft Visual Studio Solution File, Format Version 12.00
# Visual Studio Version 17
VisualStudioVersion = 17.14.36127.28 d17.14
MinimumVisualStudioVersion = 10.0.40219.1
Project("{FAE04EC0-301F-11D3-BF4B-00C04F79EFBC}") = "AILifeAnalytics", "AILifeAnalytics.csproj", "{C96ED38A-3F7F-8D5B-0851-EA7BE801BA81}"
EndProject
Global
	GlobalSection(SolutionConfigurationPlatforms) = preSolution
		Debug|Any CPU = Debug|Any CPU
		Release|Any CPU = Release|Any CPU
	EndGlobalSection
	GlobalSection(ProjectConfigurationPlatforms) = postSolution
		{C96ED38A-3F7F-8D5B-0851-EA7BE801BA81}.Debug|Any CPU.ActiveCfg = Debug|Any CPU
		{C96ED38A-3F7F-8D5B-0851-EA7BE801BA81}.Debug|Any CPU.Build.0 = Debug|Any CPU
		{C96ED38A-3F7F-8D5B-0851-EA7BE801BA81}.Release|Any CPU.ActiveCfg = Release|Any CPU
		{C96ED38A-3F7F-8D5B-0851-EA7BE801BA81}.Release|Any CPU.Build.0 = Release|Any CPU
	EndGlobalSection
	GlobalSection(SolutionProperties) = preSolution
		HideSolutionNode = FALSE
	EndGlobalSection
	GlobalSection(ExtensibilityGlobals) = postSolution
		SolutionGuid = {A3F301C3-29A2-4DA0-BE46-3BE2269E3E9C}
	EndGlobalSection
EndGlobal
